
Microsoft Visual Studio Solution File, Format Version 12.00
# Visual Studio Version 17
VisualStudioVersion = 17.14.36915.13 d17.14
MinimumVisualStudioVersion = 10.0.40219.1
Project("{FAE04EC0-301F-11D3-BF4B-00C04F79EFBC}") = "conference_booking", "conference_booking\conference_booking.csproj", "{FAD817CA-541A-4F8D-BFCD-F240D5387D12}"
EndProject
Global
	GlobalSection(SolutionConfigurationPlatforms) = preSolution
		Debug|Any CPU = Debug|Any CPU
		Release|Any CPU = Release|Any CPU
	EndGlobalSection
	GlobalSection(ProjectConfigurationPlatforms) = postSolution
		{FAD817CA-541A-4F8D-BFCD-F240D5387D12}.Debug|Any CPU.ActiveCfg = Debug|Any CPU
		{FAD817CA-541A-4F8D-BFCD-F240D5387D12}.Debug|Any CPU.Build.0 = Debug|Any CPU
		{FAD817CA-541A-4F8D-BFCD-F240D5387D12}.Release|Any CPU.ActiveCfg = Release|Any CPU
		{FAD817CA-541A-4F8D-BFCD-F240D5387D12}.Release|Any CPU.Build.0 = Release|Any CPU
	EndGlobalSection
	GlobalSection(SolutionProperties) = preSolution
		HideSolutionNode = FALSE
	EndGlobalSection
	GlobalSection(ExtensibilityGlobals) = postSolution
		SolutionGuid = {89C71C28-84F0-4D51-8533-B6E3A139BB49}
	EndGlobalSection
EndGlobal
